
Microsoft Visual Studio Solution File, Format Version 12.00
# Visual Studio Version 17
VisualStudioVersion = 17.7.34031.279
MinimumVisualStudioVersion = 10.0.40219.1
Project("{FAE04EC0-301F-11D3-BF4B-00C04F79EFBC}") = "Webshop.Api", "Webshop.Api.csproj", "{ECB56D52-FCEB-4386-AC29-7F056A81E24E}"
EndProject
Global
	GlobalSection(SolutionConfigurationPlatforms) = preSolution
		Debug|Any CPU = Debug|Any CPU
		Release|Any CPU = Release|Any CPU
	EndGlobalSection
	GlobalSection(ProjectConfigurationPlatforms) = postSolution
		{ECB56D52-FCEB-4386-AC29-7F056A81E24E}.Debug|Any CPU.ActiveCfg = Debug|Any CPU
		{ECB56D52-FCEB-4386-AC29-7F056A81E24E}.Debug|Any CPU.Build.0 = Debug|Any CPU
		{ECB56D52-FCEB-4386-AC29-7F056A81E24E}.Release|Any CPU.ActiveCfg = Release|Any CPU
		{ECB56D52-FCEB-4386-AC29-7F056A81E24E}.Release|Any CPU.Build.0 = Release|Any CPU
	EndGlobalSection
	GlobalSection(SolutionProperties) = preSolution
		HideSolutionNode = FALSE
	EndGlobalSection
	GlobalSection(ExtensibilityGlobals) = postSolution
		SolutionGuid = {B4176EE3-A43E-4693-A4D6-A8F05BE11BB9}
	EndGlobalSection
EndGlobal
